
Microsoft Visual Studio Solution File, Format Version 12.00
# Visual Studio Version 17
VisualStudioVersion = 17.11.35312.102
MinimumVisualStudioVersion = 10.0.40219.1
Project("{FAE04EC0-301F-11D3-BF4B-00C04F79EFBC}") = "PointOfSaleApp.UWP", "PointOfSaleApp\PointOfSaleApp.UWP\PointOfSaleApp.UWP.csproj", "{DA433708-05C8-4DCC-A842-3911191FD762}"
EndProject
Project("{FAE04EC0-301F-11D3-BF4B-00C04F79EFBC}") = "PointOfSaleApp.Android", "PointOfSaleApp\PointOfSaleApp.Android\PointOfSaleApp.Android.csproj", "{7CA352A1-9B31-440A-A6CC-6B012DA439C6}"
EndProject
Project("{FAE04EC0-301F-11D3-BF4B-00C04F79EFBC}") = "PointOfSaleApp.iOS", "PointOfSaleApp\PointOfSaleApp.iOS\PointOfSaleApp.iOS.csproj", "{A1C39B54-5210-436E-87C3-D270851C9D08}"
EndProject
Project("{FAE04EC0-301F-11D3-BF4B-00C04F79EFBC}") = "PointOfSaleApp", "PointOfSaleApp\PointOfSaleApp\PointOfSaleApp.csproj", "{5684A494-EDF2-444C-AEEE-73B9FEF2BAC7}"
EndProject
Global
	GlobalSection(SolutionConfigurationPlatforms) = preSolution
		Debug|Any CPU = Debug|Any CPU
		Debug|ARM = Debug|ARM
		Debug|iPhone = Debug|iPhone
		Debug|iPhoneSimulator = Debug|iPhoneSimulator
		Debug|x64 = Debug|x64
		Debug|x86 = Debug|x86
		Release|Any CPU = Release|Any CPU
		Release|ARM = Release|ARM
		Release|iPhone = Release|iPhone
		Release|iPhoneSimulator = Release|iPhoneSimulator
		Release|x64 = Release|x64
		Release|x86 = Release|x86
	EndGlobalSection
	GlobalSection(ProjectConfigurationPlatforms) = postSolution
		{DA433708-05C8-4DCC-A842-3911191FD762}.Debug|Any CPU.ActiveCfg = Debug|x64
		{DA433708-05C8-4DCC-A842-3911191FD762}.Debug|Any CPU.Build.0 = Debug|x64
		{DA433708-05C8-4DCC-A842-3911191FD762}.Debug|Any CPU.Deploy.0 = Debug|x64
		{DA433708-05C8-4DCC-A842-3911191FD762}.Debug|ARM.ActiveCfg = Debug|ARM
		{DA433708-05C8-4DCC-A842-3911191FD762}.Debug|ARM.Build.0 = Debug|ARM
		{DA433708-05C8-4DCC-A842-3911191FD762}.Debug|ARM.Deploy.0 = Debug|ARM
		{DA433708-05C8-4DCC-A842-3911191FD762}.Debug|iPhone.ActiveCfg = Debug|x64
		{DA433708-05C8-4DCC-A842-3911191FD762}.Debug|iPhone.Build.0 = Debug|x64
		{DA433708-05C8-4DCC-A842-3911191FD762}.Debug|iPhone.Deploy.0 = Debug|x64
		{DA433708-05C8-4DCC-A842-3911191FD762}.Debug|iPhoneSimulator.ActiveCfg = Debug|x64
		{DA433708-05C8-4DCC-A842-3911191FD762}.Debug|iPhoneSimulator.Build.0 = Debug|x64
		{DA433708-05C8-4DCC-A842-3911191FD762}.Debug|iPhoneSimulator.Deploy.0 = Debug|x64
		{DA433708-05C8-4DCC-A842-3911191FD762}.Debug|x64.ActiveCfg = Debug|x64
		{DA433708-05C8-4DCC-A842-3911191FD762}.Debug|x64.Build.0 = Debug|x64
		{DA433708-05C8-4DCC-A842-3911191FD762}.Debug|x64.Deploy.0 = Debug|x64
		{DA433708-05C8-4DCC-A842-3911191FD762}.Debug|x86.ActiveCfg = Debug|x86
		{DA433708-05C8-4DCC-A842-3911191FD762}.Debug|x86.Build.0 = Debug|x86
		{DA433708-05C8-4DCC-A842-3911191FD762}.Debug|x86.Deploy.0 = Debug|x86
		{DA433708-05C8-4DCC-A842-3911191FD762}.Release|Any CPU.ActiveCfg = Release|x64
		{DA433708-05C8-4DCC-A842-3911191FD762}.Release|Any CPU.Build.0 = Release|x64
		{DA433708-05C8-4DCC-A842-3911191FD762}.Release|Any CPU.Deploy.0 = Release|x64
		{DA433708-05C8-4DCC-A842-3911191FD762}.Release|ARM.ActiveCfg = Release|ARM
		{DA433708-05C8-4DCC-A842-3911191FD762}.Release|ARM.Build.0 = Release|ARM
		{DA433708-05C8-4DCC-A842-3911191FD762}.Release|ARM.Deploy.0 = Release|ARM
		{DA433708-05C8-4DCC-A842-3911191FD762}.Release|iPhone.ActiveCfg = Release|x64
		{DA433708-05C8-4DCC-A842-3911191FD762}.Release|iPhone.Build.0 = Release|x64
		{DA433708-05C8-4DCC-A842-3911191FD762}.Release|iPhone.Deploy.0 = Release|x64
		{DA433708-05C8-4DCC-A842-3911191FD762}.Release|iPhoneSimulator.ActiveCfg = Release|x64
		{DA433708-05C8-4DCC-A842-3911191FD762}.Release|iPhoneSimulator.Build.0 = Release|x64
		{DA433708-05C8-4DCC-A842-3911191FD762}.Release|iPhoneSimulator.Deploy.0 = Release|x64
		{DA433708-05C8-4DCC-A842-3911191FD762}.Release|x64.ActiveCfg = Release|x64
		{DA433708-05C8-4DCC-A842-3911191FD762}.Release|x64.Build.0 = Release|x64
		{DA433708-05C8-4DCC-A842-3911191FD762}.Release|x64.Deploy.0 = Release|x64
		{DA433708-05C8-4DCC-A842-3911191FD762}.Release|x86.ActiveCfg = Release|x86
		{DA433708-05C8-4DCC-A842-3911191FD762}.Release|x86.Build.0 = Release|x86
		{DA433708-05C8-4DCC-A842-3911191FD762}.Release|x86.Deploy.0 = Release|x86
		{7CA352A1-9B31-440A-A6CC-6B012DA439C6}.Debug|Any CPU.ActiveCfg = Debug|Any CPU
		{7CA352A1-9B31-440A-A6CC-6B012DA439C6}.Debug|Any CPU.Build.0 = Debug|Any CPU
		{7CA352A1-9B31-440A-A6CC-6B012DA439C6}.Debug|Any CPU.Deploy.0 = Debug|Any CPU
		{7CA352A1-9B31-440A-A6CC-6B012DA439C6}.Debug|ARM.ActiveCfg = Debug|Any CPU
		{7CA352A1-9B31-440A-A6CC-6B012DA439C6}.Debug|ARM.Build.0 = Debug|Any CPU
		{7CA352A1-9B31-440A-A6CC-6B012DA439C6}.Debug|ARM.Deploy.0 = Debug|Any CPU
		{7CA352A1-9B31-440A-A6CC-6B012DA439C6}.Debug|iPhone.ActiveCfg = Debug|Any CPU
		{7CA352A1-9B31-440A-A6CC-6B012DA439C6}.Debug|iPhone.Build.0 = Debug|Any CPU
		{7CA352A1-9B31-440A-A6CC-6B012DA439C6}.Debug|iPhone.Deploy.0 = Debug|Any CPU
		{7CA352A1-9B31-440A-A6CC-6B012DA439C6}.Debug|iPhoneSimulator.ActiveCfg = Debug|Any CPU
		{7CA352A1-9B31-440A-A6CC-6B012DA439C6}.Debug|iPhoneSimulator.Build.0 = Debug|Any CPU
		{7CA352A1-9B31-440A-A6CC-6B012DA439C6}.Debug|iPhoneSimulator.Deploy.0 = Debug|Any CPU
		{7CA352A1-9B31-440A-A6CC-6B012DA439C6}.Debug|x64.ActiveCfg = Debug|Any CPU
		{7CA352A1-9B31-440A-A6CC-6B012DA439C6}.Debug|x64.Build.0 = Debug|Any CPU
		{7CA352A1-9B31-440A-A6CC-6B012DA439C6}.Debug|x64.Deploy.0 = Debug|Any CPU
		{7CA352A1-9B31-440A-A6CC-6B012DA439C6}.Debug|x86.ActiveCfg = Debug|Any CPU
		{7CA352A1-9B31-440A-A6CC-6B012DA439C6}.Debug|x86.Build.0 = Debug|Any CPU
		{7CA352A1-9B31-440A-A6CC-6B012DA439C6}.Debug|x86.Deploy.0 = Debug|Any CPU
		{7CA352A1-9B31-440A-A6CC-6B012DA439C6}.Release|Any CPU.ActiveCfg = Release|Any CPU
		{7CA352A1-9B31-440A-A6CC-6B012DA439C6}.Release|Any CPU.Build.0 = Release|Any CPU
		{7CA352A1-9B31-440A-A6CC-6B012DA439C6}.Release|Any CPU.Deploy.0 = Release|Any CPU
		{7CA352A1-9B31-440A-A6CC-6B012DA439C6}.Release|ARM.ActiveCfg = Release|Any CPU
		{7CA352A1-9B31-440A-A6CC-6B012DA439C6}.Release|ARM.Build.0 = Release|Any CPU
		{7CA352A1-9B31-440A-A6CC-6B012DA439C6}.Release|ARM.Deploy.0 = Release|Any CPU
		{7CA352A1-9B31-440A-A6CC-6B012DA439C6}.Release|iPhone.ActiveCfg = Release|Any CPU
		{7CA352A1-9B31-440A-A6CC-6B012DA439C6}.Release|iPhone.Build.0 = Release|Any CPU
		{7CA352A1-9B31-440A-A6CC-6B012DA439C6}.Release|iPhone.Deploy.0 = Release|Any CPU
		{7CA352A1-9B31-440A-A6CC-6B012DA439C6}.Release|iPhoneSimulator.ActiveCfg = Release|Any CPU
		{7CA352A1-9B31-440A-A6CC-6B012DA439C6}.Release|iPhoneSimulator.Build.0 = Release|Any CPU
		{7CA352A1-9B31-440A-A6CC-6B012DA439C6}.Release|iPhoneSimulator.Deploy.0 = Release|Any CPU
		{7CA352A1-9B31-440A-A6CC-6B012DA439C6}.Release|x64.ActiveCfg = Release|Any CPU
		{7CA352A1-9B31-440A-A6CC-6B012DA439C6}.Release|x64.Build.0 = Release|Any CPU
		{7CA352A1-9B31-440A-A6CC-6B012DA439C6}.Release|x64.Deploy.0 = Release|Any CPU
		{7CA352A1-9B31-440A-A6CC-6B012DA439C6}.Release|x86.ActiveCfg = Release|Any CPU
		{7CA352A1-9B31-440A-A6CC-6B012DA439C6}.Release|x86.Build.0 = Release|Any CPU
		{7CA352A1-9B31-440A-A6CC-6B012DA439C6}.Release|x86.Deploy.0 = Release|Any CPU
		{A1C39B54-5210-436E-87C3-D270851C9D08}.Debug|Any CPU.ActiveCfg = Debug|iPhoneSimulator
		{A1C39B54-5210-436E-87C3-D270851C9D08}.Debug|Any CPU.Build.0 = Debug|iPhoneSimulator
		{A1C39B54-5210-436E-87C3-D270851C9D08}.Debug|Any CPU.Deploy.0 = Debug|iPhoneSimulator
		{A1C39B54-5210-436E-87C3-D270851C9D08}.Debug|ARM.ActiveCfg = Debug|iPhoneSimulator
		{A1C39B54-5210-436E-87C3-D270851C9D08}.Debug|ARM.Build.0 = Debug|iPhoneSimulator
		{A1C39B54-5210-436E-87C3-D270851C9D08}.Debug|ARM.Deploy.0 = Debug|iPhoneSimulator
		{A1C39B54-5210-436E-87C3-D270851C9D08}.Debug|iPhone.ActiveCfg = Debug|iPhone
		{A1C39B54-5210-436E-87C3-D270851C9D08}.Debug|iPhone.Build.0 = Debug|iPhone
		{A1C39B54-5210-436E-87C3-D270851C9D08}.Debug|iPhone.Deploy.0 = Debug|iPhone
		{A1C39B54-5210-436E-87C3-D270851C9D08}.Debug|iPhoneSimulator.ActiveCfg = Debug|iPhoneSimulator
		{A1C39B54-5210-436E-87C3-D270851C9D08}.Debug|iPhoneSimulator.Build.0 = Debug|iPhoneSimulator
		{A1C39B54-5210-436E-87C3-D270851C9D08}.Debug|iPhoneSimulator.Deploy.0 = Debug|iPhoneSimulator
		{A1C39B54-5210-436E-87C3-D270851C9D08}.Debug|x64.ActiveCfg = Debug|iPhone
		{A1C39B54-5210-436E-87C3-D270851C9D08}.Debug|x64.Build.0 = Debug|iPhone
		{A1C39B54-5210-436E-87C3-D270851C9D08}.Debug|x64.Deploy.0 = Debug|iPhone
		{A1C39B54-5210-436E-87C3-D270851C9D08}.Debug|x86.ActiveCfg = Debug|iPhoneSimulator
		{A1C39B54-5210-436E-87C3-D270851C9D08}.Debug|x86.Build.0 = Debug|iPhoneSimulator
		{A1C39B54-5210-436E-87C3-D270851C9D08}.Debug|x86.Deploy.0 = Debug|iPhoneSimulator
		{A1C39B54-5210-436E-87C3-D270851C9D08}.Release|Any CPU.ActiveCfg = Release|iPhoneSimulator
		{A1C39B54-5210-436E-87C3-D270851C9D08}.Release|Any CPU.Build.0 = Release|iPhoneSimulator
		{A1C39B54-5210-436E-87C3-D270851C9D08}.Release|Any CPU.Deploy.0 = Release|iPhoneSimulator
		{A1C39B54-5210-436E-87C3-D270851C9D08}.Release|ARM.ActiveCfg = Release|iPhoneSimulator
		{A1C39B54-5210-436E-87C3-D270851C9D08}.Release|ARM.Build.0 = Release|iPhoneSimulator
		{A1C39B54-5210-436E-87C3-D270851C9D08}.Release|ARM.Deploy.0 = Release|iPhoneSimulator
		{A1C39B54-5210-436E-87C3-D270851C9D08}.Release|iPhone.ActiveCfg = Release|iPhone
		{A1C39B54-5210-436E-87C3-D270851C9D08}.Release|iPhone.Build.0 = Release|iPhone
		{A1C39B54-5210-436E-87C3-D270851C9D08}.Release|iPhone.Deploy.0 = Release|iPhone
		{A1C39B54-5210-436E-87C3-D270851C9D08}.Release|iPhoneSimulator.ActiveCfg = Release|iPhoneSimulator
		{A1C39B54-5210-436E-87C3-D270851C9D08}.Release|iPhoneSimulator.Build.0 = Release|iPhoneSimulator
		{A1C39B54-5210-436E-87C3-D270851C9D08}.Release|iPhoneSimulator.Deploy.0 = Release|iPhoneSimulator
		{A1C39B54-5210-436E-87C3-D270851C9D08}.Release|x64.ActiveCfg = Release|iPhoneSimulator
		{A1C39B54-5210-436E-87C3-D270851C9D08}.Release|x64.Build.0 = Release|iPhoneSimulator
		{A1C39B54-5210-436E-87C3-D270851C9D08}.Release|x64.Deploy.0 = Release|iPhoneSimulator
		{A1C39B54-5210-436E-87C3-D270851C9D08}.Release|x86.ActiveCfg = Release|iPhoneSimulator
		{A1C39B54-5210-436E-87C3-D270851C9D08}.Release|x86.Build.0 = Release|iPhoneSimulator
		{A1C39B54-5210-436E-87C3-D270851C9D08}.Release|x86.Deploy.0 = Release|iPhoneSimulator
		{5684A494-EDF2-444C-AEEE-73B9FEF2BAC7}.Debug|Any CPU.ActiveCfg = Debug|Any CPU
		{5684A494-EDF2-444C-AEEE-73B9FEF2BAC7}.Debug|Any CPU.Build.0 = Debug|Any CPU
		{5684A494-EDF2-444C-AEEE-73B9FEF2BAC7}.Debug|Any CPU.Deploy.0 = Debug|Any CPU
		{5684A494-EDF2-444C-AEEE-73B9FEF2BAC7}.Debug|ARM.ActiveCfg = Debug|Any CPU
		{5684A494-EDF2-444C-AEEE-73B9FEF2BAC7}.Debug|ARM.Build.0 = Debug|Any CPU
		{5684A494-EDF2-444C-AEEE-73B9FEF2BAC7}.Debug|ARM.Deploy.0 = Debug|Any CPU
		{5684A494-EDF2-444C-AEEE-73B9FEF2BAC7}.Debug|iPhone.ActiveCfg = Debug|Any CPU
		{5684A494-EDF2-444C-AEEE-73B9FEF2BAC7}.Debug|iPhone.Build.0 = Debug|Any CPU
		{5684A494-EDF2-444C-AEEE-73B9FEF2BAC7}.Debug|iPhone.Deploy.0 = Debug|Any CPU
		{5684A494-EDF2-444C-AEEE-73B9FEF2BAC7}.Debug|iPhoneSimulator.ActiveCfg = Debug|Any CPU
		{5684A494-EDF2-444C-AEEE-73B9FEF2BAC7}.Debug|iPhoneSimulator.Build.0 = Debug|Any CPU
		{5684A494-EDF2-444C-AEEE-73B9FEF2BAC7}.Debug|iPhoneSimulator.Deploy.0 = Debug|Any CPU
		{5684A494-EDF2-444C-AEEE-73B9FEF2BAC7}.Debug|x64.ActiveCfg = Debug|Any CPU
		{5684A494-EDF2-444C-AEEE-73B9FEF2BAC7}.Debug|x64.Build.0 = Debug|Any CPU
		{5684A494-EDF2-444C-AEEE-73B9FEF2BAC7}.Debug|x64.Deploy.0 = Debug|Any CPU
		{5684A494-EDF2-444C-AEEE-73B9FEF2BAC7}.Debug|x86.ActiveCfg = Debug|Any CPU
		{5684A494-EDF2-444C-AEEE-73B9FEF2BAC7}.Debug|x86.Build.0 = Debug|Any CPU
		{5684A494-EDF2-444C-AEEE-73B9FEF2BAC7}.Debug|x86.Deploy.0 = Debug|Any CPU
		{5684A494-EDF2-444C-AEEE-73B9FEF2BAC7}.Release|Any CPU.ActiveCfg = Release|Any CPU
		{5684A494-EDF2-444C-AEEE-73B9FEF2BAC7}.Release|Any CPU.Build.0 = Release|Any CPU
		{5684A494-EDF2-444C-AEEE-73B9FEF2BAC7}.Release|Any CPU.Deploy.0 = Release|Any CPU
		{5684A494-EDF2-444C-AEEE-73B9FEF2BAC7}.Release|ARM.ActiveCfg = Release|Any CPU
		{5684A494-EDF2-444C-AEEE-73B9FEF2BAC7}.Release|ARM.Build.0 = Release|Any CPU
		{5684A494-EDF2-444C-AEEE-73B9FEF2BAC7}.Release|ARM.Deploy.0 = Release|Any CPU
		{5684A494-EDF2-444C-AEEE-73B9FEF2BAC7}.Release|iPhone.ActiveCfg = Release|Any CPU
		{5684A494-EDF2-444C-AEEE-73B9FEF2BAC7}.Release|iPhone.Build.0 = Release|Any CPU
		{5684A494-EDF2-444C-AEEE-73B9FEF2BAC7}.Release|iPhone.Deploy.0 = Release|Any CPU
		{5684A494-EDF2-444C-AEEE-73B9FEF2BAC7}.Release|iPhoneSimulator.ActiveCfg = Release|Any CPU
		{5684A494-EDF2-444C-AEEE-73B9FEF2BAC7}.Release|iPhoneSimulator.Build.0 = Release|Any CPU
		{5684A494-EDF2-444C-AEEE-73B9FEF2BAC7}.Release|iPhoneSimulator.Deploy.0 = Release|Any CPU
		{5684A494-EDF2-444C-AEEE-73B9FEF2BAC7}.Release|x64.ActiveCfg = Release|Any CPU
		{5684A494-EDF2-444C-AEEE-73B9FEF2BAC7}.Release|x64.Build.0 = Release|Any CPU
		{5684A494-EDF2-444C-AEEE-73B9FEF2BAC7}.Release|x64.Deploy.0 = Release|Any CPU
		{5684A494-EDF2-444C-AEEE-73B9FEF2BAC7}.Release|x86.ActiveCfg = Release|Any CPU
		{5684A494-EDF2-444C-AEEE-73B9FEF2BAC7}.Release|x86.Build.0 = Release|Any CPU
		{5684A494-EDF2-444C-AEEE-73B9FEF2BAC7}.Release|x86.Deploy.0 = Release|Any CPU
	EndGlobalSection
	GlobalSection(SolutionProperties) = preSolution
		HideSolutionNode = FALSE
	EndGlobalSection
	GlobalSection(ExtensibilityGlobals) = postSolution
		SolutionGuid = {10EFBD2C-7199-450B-9717-E52CD50D30D2}
	EndGlobalSection
EndGlobal
